
Microsoft Visual Studio Solution File, Format Version 12.00
# Visual Studio Version 18
VisualStudioVersion = 18.3.11512.155
MinimumVisualStudioVersion = 10.0.40219.1
Project("{FAE04EC0-301F-11D3-BF4B-00C04F79EFBC}") = "Numbers", "DataTypes\Numbers.csproj", "{66770680-99DA-47E1-8F62-883A9944B476}"
EndProject
Project("{FAE04EC0-301F-11D3-BF4B-00C04F79EFBC}") = "CharAndString", "CharAndString\CharAndString.csproj", "{CB311BE7-3A0E-4BE2-ACC0-9CFDD28E733D}"
EndProject
Project("{FAE04EC0-301F-11D3-BF4B-00C04F79EFBC}") = "Boolean", "Boolean\Boolean.csproj", "{871858CC-E163-409C-AEC9-887829F83AE6}"
EndProject
Project("{FAE04EC0-301F-11D3-BF4B-00C04F79EFBC}") = "InputOutput", "InputOutput\InputOutput.csproj", "{E552B05D-61F7-48C9-980F-A8D59438DE94}"
EndProject
Project("{2150E333-8FDC-42A3-9474-1A3956D46DE8}") = "DataTypes", "DataTypes", "{3737DFF7-A484-4725-9C91-5760C7416BA1}"
EndProject
Project("{FAE04EC0-301F-11D3-BF4B-00C04F79EFBC}") = "For", "For\For.csproj", "{F90AB15A-3ABF-4C09-BB31-23096A7F79E3}"
EndProject
Project("{FAE04EC0-301F-11D3-BF4B-00C04F79EFBC}") = "Foreach", "Foreach\Foreach.csproj", "{93EEBEF9-0A69-47A4-826B-147D70657164}"
EndProject
Project("{2150E333-8FDC-42A3-9474-1A3956D46DE8}") = "ArraysAndLoops", "ArraysAndLoops", "{3FDB1CAC-AA28-4BDC-9947-2F78AA6F828D}"
EndProject
Project("{FAE04EC0-301F-11D3-BF4B-00C04F79EFBC}") = "Arrays", "ConsoleApp1\Arrays.csproj", "{C1E39CB7-8559-4F56-A223-F07967E3E3C0}"
EndProject
Project("{2150E333-8FDC-42A3-9474-1A3956D46DE8}") = "Methods", "Methods", "{EF2B3251-6AAD-44AF-B6A6-831F6B7EFD1A}"
EndProject
Project("{FAE04EC0-301F-11D3-BF4B-00C04F79EFBC}") = "Methods", "Methods\Methods.csproj", "{845168ED-166E-4EAE-8FE1-44E03332B9EA}"
EndProject
Project("{FAE04EC0-301F-11D3-BF4B-00C04F79EFBC}") = "AccessModifiers", "AccessModifiers\AccessModifiers.csproj", "{7FD0E1D3-1E0D-4920-AB81-55111D774D7E}"
EndProject
Project("{2150E333-8FDC-42A3-9474-1A3956D46DE8}") = "Conditions", "Conditions", "{32542495-1577-4E0E-8070-32871E902F2E}"
EndProject
Project("{FAE04EC0-301F-11D3-BF4B-00C04F79EFBC}") = "If-Else", "If\If-Else.csproj", "{8E924C61-A9F6-493E-B135-91FCDCE40D1A}"
EndProject
Project("{FAE04EC0-301F-11D3-BF4B-00C04F79EFBC}") = "Switch-Case", "Switch-Case\Switch-Case.csproj", "{20664926-3625-4493-9CE3-0C2C8D800116}"
EndProject
Project("{FAE04EC0-301F-11D3-BF4B-00C04F79EFBC}") = "TernaryOperator", "TernaryOperator\TernaryOperator.csproj", "{23DD05A7-AF19-44D1-8497-F3A94FA3075D}"
EndProject
Project("{FAE04EC0-301F-11D3-BF4B-00C04F79EFBC}") = "ConsoleMethodsAndProperties", "ConsoleMethodsAndProperties\ConsoleMethodsAndProperties.csproj", "{CC1CAC5F-9B3B-4DE7-922E-B032FA840613}"
EndProject
Project("{FAE04EC0-301F-11D3-BF4B-00C04F79EFBC}") = "VariablesMethodsAndProperties", "VariablesMethodsAndProperties\VariablesMethodsAndProperties.csproj", "{15F616B0-975D-4A26-AF24-613B13D22CC0}"
EndProject
Project("{FAE04EC0-301F-11D3-BF4B-00C04F79EFBC}") = "ConsoleOutput", "ConsoleOutput\ConsoleOutput.csproj", "{5998FE7E-898E-406E-81D8-793E61C48E48}"
EndProject
Project("{FAE04EC0-301F-11D3-BF4B-00C04F79EFBC}") = "While", "While\While.csproj", "{12A86EA4-EF2A-40A6-945C-26778EEC8FA6}"
EndProject
Project("{FAE04EC0-301F-11D3-BF4B-00C04F79EFBC}") = "DoWhile", "DoWhile\DoWhile.csproj", "{40EE460E-FD53-44FA-8ACB-38B47A47569D}"
EndProject
Global
	GlobalSection(SolutionConfigurationPlatforms) = preSolution
		Debug|Any CPU = Debug|Any CPU
		Release|Any CPU = Release|Any CPU
	EndGlobalSection
	GlobalSection(ProjectConfigurationPlatforms) = postSolution
		{66770680-99DA-47E1-8F62-883A9944B476}.Debug|Any CPU.ActiveCfg = Debug|Any CPU
		{66770680-99DA-47E1-8F62-883A9944B476}.Debug|Any CPU.Build.0 = Debug|Any CPU
		{66770680-99DA-47E1-8F62-883A9944B476}.Release|Any CPU.ActiveCfg = Release|Any CPU
		{66770680-99DA-47E1-8F62-883A9944B476}.Release|Any CPU.Build.0 = Release|Any CPU
		{CB311BE7-3A0E-4BE2-ACC0-9CFDD28E733D}.Debug|Any CPU.ActiveCfg = Debug|Any CPU
		{CB311BE7-3A0E-4BE2-ACC0-9CFDD28E733D}.Debug|Any CPU.Build.0 = Debug|Any CPU
		{CB311BE7-3A0E-4BE2-ACC0-9CFDD28E733D}.Release|Any CPU.ActiveCfg = Release|Any CPU
		{CB311BE7-3A0E-4BE2-ACC0-9CFDD28E733D}.Release|Any CPU.Build.0 = Release|Any CPU
		{871858CC-E163-409C-AEC9-887829F83AE6}.Debug|Any CPU.ActiveCfg = Debug|Any CPU
		{871858CC-E163-409C-AEC9-887829F83AE6}.Debug|Any CPU.Build.0 = Debug|Any CPU
		{871858CC-E163-409C-AEC9-887829F83AE6}.Release|Any CPU.ActiveCfg = Release|Any CPU
		{871858CC-E163-409C-AEC9-887829F83AE6}.Release|Any CPU.Build.0 = Release|Any CPU
		{E552B05D-61F7-48C9-980F-A8D59438DE94}.Debug|Any CPU.ActiveCfg = Debug|Any CPU
		{E552B05D-61F7-48C9-980F-A8D59438DE94}.Debug|Any CPU.Build.0 = Debug|Any CPU
		{E552B05D-61F7-48C9-980F-A8D59438DE94}.Release|Any CPU.ActiveCfg = Release|Any CPU
		{E552B05D-61F7-48C9-980F-A8D59438DE94}.Release|Any CPU.Build.0 = Release|Any CPU
		{F90AB15A-3ABF-4C09-BB31-23096A7F79E3}.Debug|Any CPU.ActiveCfg = Debug|Any CPU
		{F90AB15A-3ABF-4C09-BB31-23096A7F79E3}.Debug|Any CPU.Build.0 = Debug|Any CPU
		{F90AB15A-3ABF-4C09-BB31-23096A7F79E3}.Release|Any CPU.ActiveCfg = Release|Any CPU
		{F90AB15A-3ABF-4C09-BB31-23096A7F79E3}.Release|Any CPU.Build.0 = Release|Any CPU
		{93EEBEF9-0A69-47A4-826B-147D70657164}.Debug|Any CPU.ActiveCfg = Debug|Any CPU
		{93EEBEF9-0A69-47A4-826B-147D70657164}.Debug|Any CPU.Build.0 = Debug|Any CPU
		{93EEBEF9-0A69-47A4-826B-147D70657164}.Release|Any CPU.ActiveCfg = Release|Any CPU
		{93EEBEF9-0A69-47A4-826B-147D70657164}.Release|Any CPU.Build.0 = Release|Any CPU
		{C1E39CB7-8559-4F56-A223-F07967E3E3C0}.Debug|Any CPU.ActiveCfg = Debug|Any CPU
		{C1E39CB7-8559-4F56-A223-F07967E3E3C0}.Debug|Any CPU.Build.0 = Debug|Any CPU
		{C1E39CB7-8559-4F56-A223-F07967E3E3C0}.Release|Any CPU.ActiveCfg = Release|Any CPU
		{C1E39CB7-8559-4F56-A223-F07967E3E3C0}.Release|Any CPU.Build.0 = Release|Any CPU
		{845168ED-166E-4EAE-8FE1-44E03332B9EA}.Debug|Any CPU.ActiveCfg = Debug|Any CPU
		{845168ED-166E-4EAE-8FE1-44E03332B9EA}.Debug|Any CPU.Build.0 = Debug|Any CPU
		{845168ED-166E-4EAE-8FE1-44E03332B9EA}.Release|Any CPU.ActiveCfg = Release|Any CPU
		{845168ED-166E-4EAE-8FE1-44E03332B9EA}.Release|Any CPU.Build.0 = Release|Any CPU
		{7FD0E1D3-1E0D-4920-AB81-55111D774D7E}.Debug|Any CPU.ActiveCfg = Debug|Any CPU
		{7FD0E1D3-1E0D-4920-AB81-55111D774D7E}.Debug|Any CPU.Build.0 = Debug|Any CPU
		{7FD0E1D3-1E0D-4920-AB81-55111D774D7E}.Release|Any CPU.ActiveCfg = Release|Any CPU
		{7FD0E1D3-1E0D-4920-AB81-55111D774D7E}.Release|Any CPU.Build.0 = Release|Any CPU
		{8E924C61-A9F6-493E-B135-91FCDCE40D1A}.Debug|Any CPU.ActiveCfg = Debug|Any CPU
		{8E924C61-A9F6-493E-B135-91FCDCE40D1A}.Debug|Any CPU.Build.0 = Debug|Any CPU
		{8E924C61-A9F6-493E-B135-91FCDCE40D1A}.Release|Any CPU.ActiveCfg = Release|Any CPU
		{8E924C61-A9F6-493E-B135-91FCDCE40D1A}.Release|Any CPU.Build.0 = Release|Any CPU
		{20664926-3625-4493-9CE3-0C2C8D800116}.Debug|Any CPU.ActiveCfg = Debug|Any CPU
		{20664926-3625-4493-9CE3-0C2C8D800116}.Debug|Any CPU.Build.0 = Debug|Any CPU
		{20664926-3625-4493-9CE3-0C2C8D800116}.Release|Any CPU.ActiveCfg = Release|Any CPU
		{20664926-3625-4493-9CE3-0C2C8D800116}.Release|Any CPU.Build.0 = Release|Any CPU
		{23DD05A7-AF19-44D1-8497-F3A94FA3075D}.Debug|Any CPU.ActiveCfg = Debug|Any CPU
		{23DD05A7-AF19-44D1-8497-F3A94FA3075D}.Debug|Any CPU.Build.0 = Debug|Any CPU
		{23DD05A7-AF19-44D1-8497-F3A94FA3075D}.Release|Any CPU.ActiveCfg = Release|Any CPU
		{23DD05A7-AF19-44D1-8497-F3A94FA3075D}.Release|Any CPU.Build.0 = Release|Any CPU
		{CC1CAC5F-9B3B-4DE7-922E-B032FA840613}.Debug|Any CPU.ActiveCfg = Debug|Any CPU
		{CC1CAC5F-9B3B-4DE7-922E-B032FA840613}.Debug|Any CPU.Build.0 = Debug|Any CPU
		{CC1CAC5F-9B3B-4DE7-922E-B032FA840613}.Release|Any CPU.ActiveCfg = Release|Any CPU
		{CC1CAC5F-9B3B-4DE7-922E-B032FA840613}.Release|Any CPU.Build.0 = Release|Any CPU
		{15F616B0-975D-4A26-AF24-613B13D22CC0}.Debug|Any CPU.ActiveCfg = Debug|Any CPU
		{15F616B0-975D-4A26-AF24-613B13D22CC0}.Debug|Any CPU.Build.0 = Debug|Any CPU
		{15F616B0-975D-4A26-AF24-613B13D22CC0}.Release|Any CPU.ActiveCfg = Release|Any CPU
		{15F616B0-975D-4A26-AF24-613B13D22CC0}.Release|Any CPU.Build.0 = Release|Any CPU
		{5998FE7E-898E-406E-81D8-793E61C48E48}.Debug|Any CPU.ActiveCfg = Debug|Any CPU
		{5998FE7E-898E-406E-81D8-793E61C48E48}.Debug|Any CPU.Build.0 = Debug|Any CPU
		{5998FE7E-898E-406E-81D8-793E61C48E48}.Release|Any CPU.ActiveCfg = Release|Any CPU
		{5998FE7E-898E-406E-81D8-793E61C48E48}.Release|Any CPU.Build.0 = Release|Any CPU
		{12A86EA4-EF2A-40A6-945C-26778EEC8FA6}.Debug|Any CPU.ActiveCfg = Debug|Any CPU
		{12A86EA4-EF2A-40A6-945C-26778EEC8FA6}.Debug|Any CPU.Build.0 = Debug|Any CPU
		{12A86EA4-EF2A-40A6-945C-26778EEC8FA6}.Release|Any CPU.ActiveCfg = Release|Any CPU
		{12A86EA4-EF2A-40A6-945C-26778EEC8FA6}.Release|Any CPU.Build.0 = Release|Any CPU
		{40EE460E-FD53-44FA-8ACB-38B47A47569D}.Debug|Any CPU.ActiveCfg = Debug|Any CPU
		{40EE460E-FD53-44FA-8ACB-38B47A47569D}.Debug|Any CPU.Build.0 = Debug|Any CPU
		{40EE460E-FD53-44FA-8ACB-38B47A47569D}.Release|Any CPU.ActiveCfg = Release|Any CPU
		{40EE460E-FD53-44FA-8ACB-38B47A47569D}.Release|Any CPU.Build.0 = Release|Any CPU
	EndGlobalSection
	GlobalSection(SolutionProperties) = preSolution
		HideSolutionNode = FALSE
	EndGlobalSection
	GlobalSection(NestedProjects) = preSolution
		{66770680-99DA-47E1-8F62-883A9944B476} = {3737DFF7-A484-4725-9C91-5760C7416BA1}
		{CB311BE7-3A0E-4BE2-ACC0-9CFDD28E733D} = {3737DFF7-A484-4725-9C91-5760C7416BA1}
		{871858CC-E163-409C-AEC9-887829F83AE6} = {3737DFF7-A484-4725-9C91-5760C7416BA1}
		{E552B05D-61F7-48C9-980F-A8D59438DE94} = {3737DFF7-A484-4725-9C91-5760C7416BA1}
		{F90AB15A-3ABF-4C09-BB31-23096A7F79E3} = {3FDB1CAC-AA28-4BDC-9947-2F78AA6F828D}
		{93EEBEF9-0A69-47A4-826B-147D70657164} = {3FDB1CAC-AA28-4BDC-9947-2F78AA6F828D}
		{C1E39CB7-8559-4F56-A223-F07967E3E3C0} = {3FDB1CAC-AA28-4BDC-9947-2F78AA6F828D}
		{845168ED-166E-4EAE-8FE1-44E03332B9EA} = {EF2B3251-6AAD-44AF-B6A6-831F6B7EFD1A}
		{7FD0E1D3-1E0D-4920-AB81-55111D774D7E} = {EF2B3251-6AAD-44AF-B6A6-831F6B7EFD1A}
		{8E924C61-A9F6-493E-B135-91FCDCE40D1A} = {32542495-1577-4E0E-8070-32871E902F2E}
		{20664926-3625-4493-9CE3-0C2C8D800116} = {32542495-1577-4E0E-8070-32871E902F2E}
		{23DD05A7-AF19-44D1-8497-F3A94FA3075D} = {32542495-1577-4E0E-8070-32871E902F2E}
		{CC1CAC5F-9B3B-4DE7-922E-B032FA840613} = {32542495-1577-4E0E-8070-32871E902F2E}
		{15F616B0-975D-4A26-AF24-613B13D22CC0} = {32542495-1577-4E0E-8070-32871E902F2E}
		{5998FE7E-898E-406E-81D8-793E61C48E48} = {32542495-1577-4E0E-8070-32871E902F2E}
		{12A86EA4-EF2A-40A6-945C-26778EEC8FA6} = {3FDB1CAC-AA28-4BDC-9947-2F78AA6F828D}
		{40EE460E-FD53-44FA-8ACB-38B47A47569D} = {3FDB1CAC-AA28-4BDC-9947-2F78AA6F828D}
	EndGlobalSection
	GlobalSection(ExtensibilityGlobals) = postSolution
		SolutionGuid = {D1A85E37-0616-49DE-BBF9-E08A38D1B421}
	EndGlobalSection
EndGlobal
